
Microsoft Visual Studio Solution File, Format Version 12.00
# Visual Studio Version 16
VisualStudioVersion = 16.0.32602.291
MinimumVisualStudioVersion = 10.0.40219.1
Project("{FAE04EC0-301F-11D3-BF4B-00C04F79EFBC}") = "Tracking", "Tracking\Tracking.csproj", "{F6C5BB67-BF31-4945-860E-FDAFF89CEB07}"
EndProject
Global
	GlobalSection(SolutionConfigurationPlatforms) = preSolution
		Debug|Any CPU = Debug|Any CPU
		Release|Any CPU = Release|Any CPU
	EndGlobalSection
	GlobalSection(ProjectConfigurationPlatforms) = postSolution
		{F6C5BB67-BF31-4945-860E-FDAFF89CEB07}.Debug|Any CPU.ActiveCfg = Debug|Any CPU
		{F6C5BB67-BF31-4945-860E-FDAFF89CEB07}.Debug|Any CPU.Build.0 = Debug|Any CPU
		{F6C5BB67-BF31-4945-860E-FDAFF89CEB07}.Release|Any CPU.ActiveCfg = Release|Any CPU
		{F6C5BB67-BF31-4945-860E-FDAFF89CEB07}.Release|Any CPU.Build.0 = Release|Any CPU
	EndGlobalSection
	GlobalSection(SolutionProperties) = preSolution
		HideSolutionNode = FALSE
	EndGlobalSection
	GlobalSection(ExtensibilityGlobals) = postSolution
		SolutionGuid = {2823F2D9-5822-459F-A357-EA64D7DBCB35}
	EndGlobalSection
EndGlobal
